
Microsoft Visual Studio Solution File, Format Version 12.00
# Visual Studio Version 16
VisualStudioVersion = 16.0.31605.320
MinimumVisualStudioVersion = 10.0.40219.1
Project("{FAE04EC0-301F-11D3-BF4B-00C04F79EFBC}") = "MultiSQLite", "MultiSQLite.csproj", "{220E2F96-002F-454D-9939-F8BB85D8E5A1}"
EndProject
Global
	GlobalSection(SolutionConfigurationPlatforms) = preSolution
		Debug|Any CPU = Debug|Any CPU
		Release|Any CPU = Release|Any CPU
	EndGlobalSection
	GlobalSection(ProjectConfigurationPlatforms) = postSolution
		{220E2F96-002F-454D-9939-F8BB85D8E5A1}.Debug|Any CPU.ActiveCfg = Debug|Any CPU
		{220E2F96-002F-454D-9939-F8BB85D8E5A1}.Debug|Any CPU.Build.0 = Debug|Any CPU
		{220E2F96-002F-454D-9939-F8BB85D8E5A1}.Release|Any CPU.ActiveCfg = Release|Any CPU
		{220E2F96-002F-454D-9939-F8BB85D8E5A1}.Release|Any CPU.Build.0 = Release|Any CPU
	EndGlobalSection
	GlobalSection(SolutionProperties) = preSolution
		HideSolutionNode = FALSE
	EndGlobalSection
	GlobalSection(ExtensibilityGlobals) = postSolution
		SolutionGuid = {335B3D76-9E8C-4B89-AF73-E85D1C514A18}
	EndGlobalSection
EndGlobal
